
Microsoft Visual Studio Solution File, Format Version 12.00
# Visual Studio Version 16
VisualStudioVersion = 16.0.30225.117
MinimumVisualStudioVersion = 10.0.40219.1
Project("{FAE04EC0-301F-11D3-BF4B-00C04F79EFBC}") = "Safari_Park", "Safari_Park\Safari_Park.csproj", "{C3043F3B-D0F7-4833-85EF-642CC5584117}"
EndProject
Project("{FAE04EC0-301F-11D3-BF4B-00C04F79EFBC}") = "Safari_Park_Test", "Safari_Park_Test\Safari_Park_Test.csproj", "{74D548B9-C9C5-48AE-B7C9-C2D663DA699C}"
	ProjectSection(ProjectDependencies) = postProject
		{C3043F3B-D0F7-4833-85EF-642CC5584117} = {C3043F3B-D0F7-4833-85EF-642CC5584117}
	EndProjectSection
EndProject
Global
	GlobalSection(SolutionConfigurationPlatforms) = preSolution
		Debug|Any CPU = Debug|Any CPU
		Release|Any CPU = Release|Any CPU
	EndGlobalSection
	GlobalSection(ProjectConfigurationPlatforms) = postSolution
		{C3043F3B-D0F7-4833-85EF-642CC5584117}.Debug|Any CPU.ActiveCfg = Debug|Any CPU
		{C3043F3B-D0F7-4833-85EF-642CC5584117}.Debug|Any CPU.Build.0 = Debug|Any CPU
		{C3043F3B-D0F7-4833-85EF-642CC5584117}.Release|Any CPU.ActiveCfg = Release|Any CPU
		{C3043F3B-D0F7-4833-85EF-642CC5584117}.Release|Any CPU.Build.0 = Release|Any CPU
		{74D548B9-C9C5-48AE-B7C9-C2D663DA699C}.Debug|Any CPU.ActiveCfg = Debug|Any CPU
		{74D548B9-C9C5-48AE-B7C9-C2D663DA699C}.Debug|Any CPU.Build.0 = Debug|Any CPU
		{74D548B9-C9C5-48AE-B7C9-C2D663DA699C}.Release|Any CPU.ActiveCfg = Release|Any CPU
		{74D548B9-C9C5-48AE-B7C9-C2D663DA699C}.Release|Any CPU.Build.0 = Release|Any CPU
	EndGlobalSection
	GlobalSection(SolutionProperties) = preSolution
		HideSolutionNode = FALSE
	EndGlobalSection
	GlobalSection(ExtensibilityGlobals) = postSolution
		SolutionGuid = {A4524C2A-A3E3-4DA6-98B4-684676AF36DF}
	EndGlobalSection
EndGlobal
