
Microsoft Visual Studio Solution File, Format Version 12.00
# Visual Studio Version 16
VisualStudioVersion = 16.0.30204.135
MinimumVisualStudioVersion = 10.0.40219.1
Project("{9A19103F-16F7-4668-BE54-9A1E7A4F7556}") = "lab_01_hello_world", "lab_01_hello_world\lab_01_hello_world.csproj", "{1A9380C1-53A6-4D2C-97D8-8FBAC9D9949B}"
EndProject
Project("{FAE04EC0-301F-11D3-BF4B-00C04F79EFBC}") = "lab_02_framework", "Lab_02_framework\lab_02_framework.csproj", "{6DB12148-61EB-42E7-87CC-49E564E5539A}"
EndProject
Project("{9A19103F-16F7-4668-BE54-9A1E7A4F7556}") = "lab_04_wpf_core", "lab_04_wpf_core\lab_04_wpf_core.csproj", "{FF5BA512-8B58-48E5-85B9-63485D032E7D}"
EndProject
Project("{9A19103F-16F7-4668-BE54-9A1E7A4F7556}") = "lab_03_dot_net_core_hello_world", "lab_03_dot_net_core_hello_world\lab_03_dot_net_core_hello_world.csproj", "{774B0728-1390-4C20-ACC0-1C4195E7BC71}"
EndProject
Project("{9A19103F-16F7-4668-BE54-9A1E7A4F7556}") = "lab_05_asp", "lab_05_asp\lab_05_asp.csproj", "{DA017F55-E54A-4475-B6E5-F927D33A0AC5}"
EndProject
Project("{9A19103F-16F7-4668-BE54-9A1E7A4F7556}") = "lab_06_mvc", "lab_06_mvc\lab_06_mvc.csproj", "{5C8122ED-57EA-49F5-854D-ED7A85BD6447}"
EndProject
Project("{9A19103F-16F7-4668-BE54-9A1E7A4F7556}") = "lab_07_calculator", "lab_07_calculator\lab_07_calculator\lab_07_calculator.csproj", "{ED8C91CC-5677-4FCD-BDED-807983589832}"
EndProject
Project("{9A19103F-16F7-4668-BE54-9A1E7A4F7556}") = "lab_09_logging", "lab_09_logging\lab_09_logging.csproj", "{0929091E-BE5E-4AFD-A3C8-538108BDC6D3}"
EndProject
Project("{9A19103F-16F7-4668-BE54-9A1E7A4F7556}") = "lab_10_Data_Types", "lab_10_Data_Types\lab_10_Data_Types.csproj", "{7B64C114-CC02-4806-894E-6C368075CD1E}"
EndProject
Project("{FAE04EC0-301F-11D3-BF4B-00C04F79EFBC}") = "lab_11_microsoft_word", "lab_11_microsoft_word\lab_11_microsoft_word.csproj", "{7CF42752-41F7-4B57-8AB9-9E47C1B76FF3}"
EndProject
Project("{9A19103F-16F7-4668-BE54-9A1E7A4F7556}") = "lab_12_Big_Go_Button", "lab_12_Big_Go_Button\lab_12_Big_Go_Button.csproj", "{A7C93B34-B70E-4661-8719-93D7DF0BC357}"
EndProject
Project("{9A19103F-16F7-4668-BE54-9A1E7A4F7556}") = "lab_13_operators", "lab_13_operators\lab_13_operators.csproj", "{352A05FA-554C-4209-8CD8-82357F06BFA5}"
EndProject
Project("{9A19103F-16F7-4668-BE54-9A1E7A4F7556}") = "lab_14_methods", "lab_14_methods\lab_14_methods.csproj", "{0F2A9B2D-D38E-4C6E-8A9D-2ADD6124002F}"
EndProject
Project("{9A19103F-16F7-4668-BE54-9A1E7A4F7556}") = "lab_15_Unit_Testing", "lab_15_Unit_Testing\lab_15_Unit_Testing.csproj", "{5FB5785C-D981-4F7D-91E3-5EC476538C55}"
EndProject
Project("{9A19103F-16F7-4668-BE54-9A1E7A4F7556}") = "Lab_15_methods_test", "Lab_15_methods_test\Lab_15_methods_test.csproj", "{E4839BBD-9DBD-426C-B473-C74B906352FB}"
EndProject
Project("{9A19103F-16F7-4668-BE54-9A1E7A4F7556}") = "lab_16_selection", "lab_16_selection\lab_16_selection.csproj", "{1E17389E-A9A5-4A73-B985-1626CCEB78E4}"
EndProject
Project("{9A19103F-16F7-4668-BE54-9A1E7A4F7556}") = "lab_16_selection_test", "lab_16_selection_test\lab_16_selection_test.csproj", "{B6F9CD99-F2B4-40A6-923A-930EE728DC85}"
EndProject
Project("{9A19103F-16F7-4668-BE54-9A1E7A4F7556}") = "lab_17_strings_arrays", "lab_17_strings_arrays\lab_17_strings_arrays.csproj", "{2ECF7596-03E8-4690-B136-27D78AB82DCD}"
EndProject
Project("{9A19103F-16F7-4668-BE54-9A1E7A4F7556}") = "lab_18_iterations", "lab_18_iterations\lab_18_iterations.csproj", "{59905001-F64B-4AA3-9020-8E9E5DFED7C2}"
EndProject
Project("{9A19103F-16F7-4668-BE54-9A1E7A4F7556}") = "lab_19_Data_Types_part2", "lab_19_Data_Types_part2\lab_19_Data_Types_part2.csproj", "{F7B15E05-AFB8-43CA-B85C-B39A030911BD}"
EndProject
Project("{9A19103F-16F7-4668-BE54-9A1E7A4F7556}") = "lab_20_Exceptions", "lab_20_Exceptions\lab_20_Exceptions.csproj", "{D7C99A84-5A7E-45EA-865B-FA2608CBC4EF}"
EndProject
Project("{9A19103F-16F7-4668-BE54-9A1E7A4F7556}") = "lab_20_exception_test", "lab_20_exception_test\lab_20_exception_test.csproj", "{14B1E79D-7AD4-41F1-B2C7-EBBB06366BB5}"
EndProject
Project("{9A19103F-16F7-4668-BE54-9A1E7A4F7556}") = "Lab_21_Collections", "Lab_21_Collections\Lab_21_Collections.csproj", "{A42F9ACF-F853-40C9-8642-0E56871B2316}"
EndProject
Project("{FAE04EC0-301F-11D3-BF4B-00C04F79EFBC}") = "Lab_22_WPF_Practice", "Lab_22_WPF_Practice\Lab_22_WPF_Practice.csproj", "{2F104624-4A81-43AB-BBE6-9BC2527212B2}"
EndProject
Global
	GlobalSection(SolutionConfigurationPlatforms) = preSolution
		Debug|Any CPU = Debug|Any CPU
		Release|Any CPU = Release|Any CPU
	EndGlobalSection
	GlobalSection(ProjectConfigurationPlatforms) = postSolution
		{1A9380C1-53A6-4D2C-97D8-8FBAC9D9949B}.Debug|Any CPU.ActiveCfg = Debug|Any CPU
		{1A9380C1-53A6-4D2C-97D8-8FBAC9D9949B}.Debug|Any CPU.Build.0 = Debug|Any CPU
		{1A9380C1-53A6-4D2C-97D8-8FBAC9D9949B}.Release|Any CPU.ActiveCfg = Release|Any CPU
		{1A9380C1-53A6-4D2C-97D8-8FBAC9D9949B}.Release|Any CPU.Build.0 = Release|Any CPU
		{6DB12148-61EB-42E7-87CC-49E564E5539A}.Debug|Any CPU.ActiveCfg = Debug|Any CPU
		{6DB12148-61EB-42E7-87CC-49E564E5539A}.Debug|Any CPU.Build.0 = Debug|Any CPU
		{6DB12148-61EB-42E7-87CC-49E564E5539A}.Release|Any CPU.ActiveCfg = Release|Any CPU
		{6DB12148-61EB-42E7-87CC-49E564E5539A}.Release|Any CPU.Build.0 = Release|Any CPU
		{FF5BA512-8B58-48E5-85B9-63485D032E7D}.Debug|Any CPU.ActiveCfg = Debug|Any CPU
		{FF5BA512-8B58-48E5-85B9-63485D032E7D}.Debug|Any CPU.Build.0 = Debug|Any CPU
		{FF5BA512-8B58-48E5-85B9-63485D032E7D}.Release|Any CPU.ActiveCfg = Release|Any CPU
		{FF5BA512-8B58-48E5-85B9-63485D032E7D}.Release|Any CPU.Build.0 = Release|Any CPU
		{774B0728-1390-4C20-ACC0-1C4195E7BC71}.Debug|Any CPU.ActiveCfg = Debug|Any CPU
		{774B0728-1390-4C20-ACC0-1C4195E7BC71}.Debug|Any CPU.Build.0 = Debug|Any CPU
		{774B0728-1390-4C20-ACC0-1C4195E7BC71}.Release|Any CPU.ActiveCfg = Release|Any CPU
		{774B0728-1390-4C20-ACC0-1C4195E7BC71}.Release|Any CPU.Build.0 = Release|Any CPU
		{DA017F55-E54A-4475-B6E5-F927D33A0AC5}.Debug|Any CPU.ActiveCfg = Debug|Any CPU
		{DA017F55-E54A-4475-B6E5-F927D33A0AC5}.Debug|Any CPU.Build.0 = Debug|Any CPU
		{DA017F55-E54A-4475-B6E5-F927D33A0AC5}.Release|Any CPU.ActiveCfg = Release|Any CPU
		{DA017F55-E54A-4475-B6E5-F927D33A0AC5}.Release|Any CPU.Build.0 = Release|Any CPU
		{5C8122ED-57EA-49F5-854D-ED7A85BD6447}.Debug|Any CPU.ActiveCfg = Debug|Any CPU
		{5C8122ED-57EA-49F5-854D-ED7A85BD6447}.Debug|Any CPU.Build.0 = Debug|Any CPU
		{5C8122ED-57EA-49F5-854D-ED7A85BD6447}.Release|Any CPU.ActiveCfg = Release|Any CPU
		{5C8122ED-57EA-49F5-854D-ED7A85BD6447}.Release|Any CPU.Build.0 = Release|Any CPU
		{ED8C91CC-5677-4FCD-BDED-807983589832}.Debug|Any CPU.ActiveCfg = Debug|Any CPU
		{ED8C91CC-5677-4FCD-BDED-807983589832}.Debug|Any CPU.Build.0 = Debug|Any CPU
		{ED8C91CC-5677-4FCD-BDED-807983589832}.Release|Any CPU.ActiveCfg = Release|Any CPU
		{ED8C91CC-5677-4FCD-BDED-807983589832}.Release|Any CPU.Build.0 = Release|Any CPU
		{0929091E-BE5E-4AFD-A3C8-538108BDC6D3}.Debug|Any CPU.ActiveCfg = Debug|Any CPU
		{0929091E-BE5E-4AFD-A3C8-538108BDC6D3}.Debug|Any CPU.Build.0 = Debug|Any CPU
		{0929091E-BE5E-4AFD-A3C8-538108BDC6D3}.Release|Any CPU.ActiveCfg = Release|Any CPU
		{0929091E-BE5E-4AFD-A3C8-538108BDC6D3}.Release|Any CPU.Build.0 = Release|Any CPU
		{7B64C114-CC02-4806-894E-6C368075CD1E}.Debug|Any CPU.ActiveCfg = Debug|Any CPU
		{7B64C114-CC02-4806-894E-6C368075CD1E}.Debug|Any CPU.Build.0 = Debug|Any CPU
		{7B64C114-CC02-4806-894E-6C368075CD1E}.Release|Any CPU.ActiveCfg = Release|Any CPU
		{7B64C114-CC02-4806-894E-6C368075CD1E}.Release|Any CPU.Build.0 = Release|Any CPU
		{7CF42752-41F7-4B57-8AB9-9E47C1B76FF3}.Debug|Any CPU.ActiveCfg = Debug|Any CPU
		{7CF42752-41F7-4B57-8AB9-9E47C1B76FF3}.Debug|Any CPU.Build.0 = Debug|Any CPU
		{7CF42752-41F7-4B57-8AB9-9E47C1B76FF3}.Release|Any CPU.ActiveCfg = Release|Any CPU
		{7CF42752-41F7-4B57-8AB9-9E47C1B76FF3}.Release|Any CPU.Build.0 = Release|Any CPU
		{A7C93B34-B70E-4661-8719-93D7DF0BC357}.Debug|Any CPU.ActiveCfg = Debug|Any CPU
		{A7C93B34-B70E-4661-8719-93D7DF0BC357}.Debug|Any CPU.Build.0 = Debug|Any CPU
		{A7C93B34-B70E-4661-8719-93D7DF0BC357}.Release|Any CPU.ActiveCfg = Release|Any CPU
		{A7C93B34-B70E-4661-8719-93D7DF0BC357}.Release|Any CPU.Build.0 = Release|Any CPU
		{352A05FA-554C-4209-8CD8-82357F06BFA5}.Debug|Any CPU.ActiveCfg = Debug|Any CPU
		{352A05FA-554C-4209-8CD8-82357F06BFA5}.Debug|Any CPU.Build.0 = Debug|Any CPU
		{352A05FA-554C-4209-8CD8-82357F06BFA5}.Release|Any CPU.ActiveCfg = Release|Any CPU
		{352A05FA-554C-4209-8CD8-82357F06BFA5}.Release|Any CPU.Build.0 = Release|Any CPU
		{0F2A9B2D-D38E-4C6E-8A9D-2ADD6124002F}.Debug|Any CPU.ActiveCfg = Debug|Any CPU
		{0F2A9B2D-D38E-4C6E-8A9D-2ADD6124002F}.Debug|Any CPU.Build.0 = Debug|Any CPU
		{0F2A9B2D-D38E-4C6E-8A9D-2ADD6124002F}.Release|Any CPU.ActiveCfg = Release|Any CPU
		{0F2A9B2D-D38E-4C6E-8A9D-2ADD6124002F}.Release|Any CPU.Build.0 = Release|Any CPU
		{5FB5785C-D981-4F7D-91E3-5EC476538C55}.Debug|Any CPU.ActiveCfg = Debug|Any CPU
		{5FB5785C-D981-4F7D-91E3-5EC476538C55}.Debug|Any CPU.Build.0 = Debug|Any CPU
		{5FB5785C-D981-4F7D-91E3-5EC476538C55}.Release|Any CPU.ActiveCfg = Release|Any CPU
		{5FB5785C-D981-4F7D-91E3-5EC476538C55}.Release|Any CPU.Build.0 = Release|Any CPU
		{E4839BBD-9DBD-426C-B473-C74B906352FB}.Debug|Any CPU.ActiveCfg = Debug|Any CPU
		{E4839BBD-9DBD-426C-B473-C74B906352FB}.Debug|Any CPU.Build.0 = Debug|Any CPU
		{E4839BBD-9DBD-426C-B473-C74B906352FB}.Release|Any CPU.ActiveCfg = Release|Any CPU
		{E4839BBD-9DBD-426C-B473-C74B906352FB}.Release|Any CPU.Build.0 = Release|Any CPU
		{1E17389E-A9A5-4A73-B985-1626CCEB78E4}.Debug|Any CPU.ActiveCfg = Debug|Any CPU
		{1E17389E-A9A5-4A73-B985-1626CCEB78E4}.Debug|Any CPU.Build.0 = Debug|Any CPU
		{1E17389E-A9A5-4A73-B985-1626CCEB78E4}.Release|Any CPU.ActiveCfg = Release|Any CPU
		{1E17389E-A9A5-4A73-B985-1626CCEB78E4}.Release|Any CPU.Build.0 = Release|Any CPU
		{B6F9CD99-F2B4-40A6-923A-930EE728DC85}.Debug|Any CPU.ActiveCfg = Debug|Any CPU
		{B6F9CD99-F2B4-40A6-923A-930EE728DC85}.Debug|Any CPU.Build.0 = Debug|Any CPU
		{B6F9CD99-F2B4-40A6-923A-930EE728DC85}.Release|Any CPU.ActiveCfg = Release|Any CPU
		{B6F9CD99-F2B4-40A6-923A-930EE728DC85}.Release|Any CPU.Build.0 = Release|Any CPU
		{2ECF7596-03E8-4690-B136-27D78AB82DCD}.Debug|Any CPU.ActiveCfg = Debug|Any CPU
		{2ECF7596-03E8-4690-B136-27D78AB82DCD}.Debug|Any CPU.Build.0 = Debug|Any CPU
		{2ECF7596-03E8-4690-B136-27D78AB82DCD}.Release|Any CPU.ActiveCfg = Release|Any CPU
		{2ECF7596-03E8-4690-B136-27D78AB82DCD}.Release|Any CPU.Build.0 = Release|Any CPU
		{59905001-F64B-4AA3-9020-8E9E5DFED7C2}.Debug|Any CPU.ActiveCfg = Debug|Any CPU
		{59905001-F64B-4AA3-9020-8E9E5DFED7C2}.Debug|Any CPU.Build.0 = Debug|Any CPU
		{59905001-F64B-4AA3-9020-8E9E5DFED7C2}.Release|Any CPU.ActiveCfg = Release|Any CPU
		{59905001-F64B-4AA3-9020-8E9E5DFED7C2}.Release|Any CPU.Build.0 = Release|Any CPU
		{F7B15E05-AFB8-43CA-B85C-B39A030911BD}.Debug|Any CPU.ActiveCfg = Debug|Any CPU
		{F7B15E05-AFB8-43CA-B85C-B39A030911BD}.Debug|Any CPU.Build.0 = Debug|Any CPU
		{F7B15E05-AFB8-43CA-B85C-B39A030911BD}.Release|Any CPU.ActiveCfg = Release|Any CPU
		{F7B15E05-AFB8-43CA-B85C-B39A030911BD}.Release|Any CPU.Build.0 = Release|Any CPU
		{D7C99A84-5A7E-45EA-865B-FA2608CBC4EF}.Debug|Any CPU.ActiveCfg = Debug|Any CPU
		{D7C99A84-5A7E-45EA-865B-FA2608CBC4EF}.Debug|Any CPU.Build.0 = Debug|Any CPU
		{D7C99A84-5A7E-45EA-865B-FA2608CBC4EF}.Release|Any CPU.ActiveCfg = Release|Any CPU
		{D7C99A84-5A7E-45EA-865B-FA2608CBC4EF}.Release|Any CPU.Build.0 = Release|Any CPU
		{14B1E79D-7AD4-41F1-B2C7-EBBB06366BB5}.Debug|Any CPU.ActiveCfg = Debug|Any CPU
		{14B1E79D-7AD4-41F1-B2C7-EBBB06366BB5}.Debug|Any CPU.Build.0 = Debug|Any CPU
		{14B1E79D-7AD4-41F1-B2C7-EBBB06366BB5}.Release|Any CPU.ActiveCfg = Release|Any CPU
		{14B1E79D-7AD4-41F1-B2C7-EBBB06366BB5}.Release|Any CPU.Build.0 = Release|Any CPU
		{A42F9ACF-F853-40C9-8642-0E56871B2316}.Debug|Any CPU.ActiveCfg = Debug|Any CPU
		{A42F9ACF-F853-40C9-8642-0E56871B2316}.Debug|Any CPU.Build.0 = Debug|Any CPU
		{A42F9ACF-F853-40C9-8642-0E56871B2316}.Release|Any CPU.ActiveCfg = Release|Any CPU
		{A42F9ACF-F853-40C9-8642-0E56871B2316}.Release|Any CPU.Build.0 = Release|Any CPU
		{2F104624-4A81-43AB-BBE6-9BC2527212B2}.Debug|Any CPU.ActiveCfg = Debug|Any CPU
		{2F104624-4A81-43AB-BBE6-9BC2527212B2}.Debug|Any CPU.Build.0 = Debug|Any CPU
		{2F104624-4A81-43AB-BBE6-9BC2527212B2}.Release|Any CPU.ActiveCfg = Release|Any CPU
		{2F104624-4A81-43AB-BBE6-9BC2527212B2}.Release|Any CPU.Build.0 = Release|Any CPU
	EndGlobalSection
	GlobalSection(SolutionProperties) = preSolution
		HideSolutionNode = FALSE
	EndGlobalSection
	GlobalSection(ExtensibilityGlobals) = postSolution
		SolutionGuid = {D48AA4AE-24F2-43AA-8723-36377794BC79}
	EndGlobalSection
EndGlobal
