
Microsoft Visual Studio Solution File, Format Version 12.00
# Visual Studio Version 16
VisualStudioVersion = 16.0.30225.117
MinimumVisualStudioVersion = 10.0.40219.1
Project("{9A19103F-16F7-4668-BE54-9A1E7A4F7556}") = "Lab25b_api_core_demo", "Lab25b_api_core_demo.csproj", "{32B6C23F-D723-4127-B357-FA966ED361E8}"
EndProject
Project("{9A19103F-16F7-4668-BE54-9A1E7A4F7556}") = "Lab_26_cats_api", "..\Lab_26_cats_api\Lab_26_cats_api.csproj", "{D22AAF19-7F4A-4EA3-975C-4DB7A72BE0E3}"
EndProject
Project("{9A19103F-16F7-4668-BE54-9A1E7A4F7556}") = "Lab_27_delegates", "..\Lab_27_delegates\Lab_27_delegates.csproj", "{31216096-75AF-481A-A095-3D2C238BB33C}"
EndProject
Project("{9A19103F-16F7-4668-BE54-9A1E7A4F7556}") = "Lab_28_Delegates", "..\Lab_28_Delegates\Lab_28_Delegates.csproj", "{0E9BF083-AC2F-42CC-80EB-3AF653173A15}"
EndProject
Project("{9A19103F-16F7-4668-BE54-9A1E7A4F7556}") = "Lab_29_deleagete_with_lambda", "..\Lab_29_deleagete_with_lambda\Lab_29_deleagete_with_lambda.csproj", "{443C7D09-E3AD-48B9-BE2D-E838913DF5B2}"
EndProject
Project("{9A19103F-16F7-4668-BE54-9A1E7A4F7556}") = "lab_30_basic_event", "..\lab_30_basic_event\lab_30_basic_event.csproj", "{D527538F-B8F8-4D10-9591-3187439B9471}"
EndProject
Project("{9A19103F-16F7-4668-BE54-9A1E7A4F7556}") = "lab_31_oop_events", "..\lab_31_oop_events\lab_31_oop_events.csproj", "{3364C994-2318-42EF-BDBF-FE2FD2FEFBCF}"
EndProject
Project("{9A19103F-16F7-4668-BE54-9A1E7A4F7556}") = "lab_32_Tasks", "..\lab_32_Tasks\lab_32_Tasks.csproj", "{E24B31B9-7A2B-4DDC-9FDF-DC3E45B3160B}"
EndProject
Project("{9A19103F-16F7-4668-BE54-9A1E7A4F7556}") = "lab_33_Task_array", "..\lab_33_Task_array\lab_33_Task_array.csproj", "{6977EB5B-4115-40D6-BF4C-EDB2DC42E0C0}"
EndProject
Project("{9A19103F-16F7-4668-BE54-9A1E7A4F7556}") = "lab_34_task_parallel_processing", "..\lab_34_task_parallel_processing\lab_34_task_parallel_processing.csproj", "{ACF3434B-7383-46A4-8299-39EC411DB49B}"
EndProject
Project("{9A19103F-16F7-4668-BE54-9A1E7A4F7556}") = "lab_35_async and await", "..\lab_35_async and await\lab_35_async and await.csproj", "{8FCC9603-4BCB-4405-BD31-827C3787B4DF}"
EndProject
Project("{9A19103F-16F7-4668-BE54-9A1E7A4F7556}") = "Lab_36_http", "..\Lab_36_http\Lab_36_http.csproj", "{77958837-3388-467A-A5AB-1837E22DED3B}"
EndProject
Project("{FAE04EC0-301F-11D3-BF4B-00C04F79EFBC}") = "lab_37_http_deserialise_to_json", "..\lab_37_http_deserialise_to_json\lab_37_http_deserialise_to_json.csproj", "{95C363B3-9B4E-44D7-86CF-ADFE507F48CF}"
EndProject
Global
	GlobalSection(SolutionConfigurationPlatforms) = preSolution
		Debug|Any CPU = Debug|Any CPU
		Release|Any CPU = Release|Any CPU
	EndGlobalSection
	GlobalSection(ProjectConfigurationPlatforms) = postSolution
		{32B6C23F-D723-4127-B357-FA966ED361E8}.Debug|Any CPU.ActiveCfg = Debug|Any CPU
		{32B6C23F-D723-4127-B357-FA966ED361E8}.Debug|Any CPU.Build.0 = Debug|Any CPU
		{32B6C23F-D723-4127-B357-FA966ED361E8}.Release|Any CPU.ActiveCfg = Release|Any CPU
		{32B6C23F-D723-4127-B357-FA966ED361E8}.Release|Any CPU.Build.0 = Release|Any CPU
		{D22AAF19-7F4A-4EA3-975C-4DB7A72BE0E3}.Debug|Any CPU.ActiveCfg = Debug|Any CPU
		{D22AAF19-7F4A-4EA3-975C-4DB7A72BE0E3}.Debug|Any CPU.Build.0 = Debug|Any CPU
		{D22AAF19-7F4A-4EA3-975C-4DB7A72BE0E3}.Release|Any CPU.ActiveCfg = Release|Any CPU
		{D22AAF19-7F4A-4EA3-975C-4DB7A72BE0E3}.Release|Any CPU.Build.0 = Release|Any CPU
		{31216096-75AF-481A-A095-3D2C238BB33C}.Debug|Any CPU.ActiveCfg = Debug|Any CPU
		{31216096-75AF-481A-A095-3D2C238BB33C}.Debug|Any CPU.Build.0 = Debug|Any CPU
		{31216096-75AF-481A-A095-3D2C238BB33C}.Release|Any CPU.ActiveCfg = Release|Any CPU
		{31216096-75AF-481A-A095-3D2C238BB33C}.Release|Any CPU.Build.0 = Release|Any CPU
		{0E9BF083-AC2F-42CC-80EB-3AF653173A15}.Debug|Any CPU.ActiveCfg = Debug|Any CPU
		{0E9BF083-AC2F-42CC-80EB-3AF653173A15}.Debug|Any CPU.Build.0 = Debug|Any CPU
		{0E9BF083-AC2F-42CC-80EB-3AF653173A15}.Release|Any CPU.ActiveCfg = Release|Any CPU
		{0E9BF083-AC2F-42CC-80EB-3AF653173A15}.Release|Any CPU.Build.0 = Release|Any CPU
		{443C7D09-E3AD-48B9-BE2D-E838913DF5B2}.Debug|Any CPU.ActiveCfg = Debug|Any CPU
		{443C7D09-E3AD-48B9-BE2D-E838913DF5B2}.Debug|Any CPU.Build.0 = Debug|Any CPU
		{443C7D09-E3AD-48B9-BE2D-E838913DF5B2}.Release|Any CPU.ActiveCfg = Release|Any CPU
		{443C7D09-E3AD-48B9-BE2D-E838913DF5B2}.Release|Any CPU.Build.0 = Release|Any CPU
		{D527538F-B8F8-4D10-9591-3187439B9471}.Debug|Any CPU.ActiveCfg = Debug|Any CPU
		{D527538F-B8F8-4D10-9591-3187439B9471}.Debug|Any CPU.Build.0 = Debug|Any CPU
		{D527538F-B8F8-4D10-9591-3187439B9471}.Release|Any CPU.ActiveCfg = Release|Any CPU
		{D527538F-B8F8-4D10-9591-3187439B9471}.Release|Any CPU.Build.0 = Release|Any CPU
		{3364C994-2318-42EF-BDBF-FE2FD2FEFBCF}.Debug|Any CPU.ActiveCfg = Debug|Any CPU
		{3364C994-2318-42EF-BDBF-FE2FD2FEFBCF}.Debug|Any CPU.Build.0 = Debug|Any CPU
		{3364C994-2318-42EF-BDBF-FE2FD2FEFBCF}.Release|Any CPU.ActiveCfg = Release|Any CPU
		{3364C994-2318-42EF-BDBF-FE2FD2FEFBCF}.Release|Any CPU.Build.0 = Release|Any CPU
		{E24B31B9-7A2B-4DDC-9FDF-DC3E45B3160B}.Debug|Any CPU.ActiveCfg = Debug|Any CPU
		{E24B31B9-7A2B-4DDC-9FDF-DC3E45B3160B}.Debug|Any CPU.Build.0 = Debug|Any CPU
		{E24B31B9-7A2B-4DDC-9FDF-DC3E45B3160B}.Release|Any CPU.ActiveCfg = Release|Any CPU
		{E24B31B9-7A2B-4DDC-9FDF-DC3E45B3160B}.Release|Any CPU.Build.0 = Release|Any CPU
		{6977EB5B-4115-40D6-BF4C-EDB2DC42E0C0}.Debug|Any CPU.ActiveCfg = Debug|Any CPU
		{6977EB5B-4115-40D6-BF4C-EDB2DC42E0C0}.Debug|Any CPU.Build.0 = Debug|Any CPU
		{6977EB5B-4115-40D6-BF4C-EDB2DC42E0C0}.Release|Any CPU.ActiveCfg = Release|Any CPU
		{6977EB5B-4115-40D6-BF4C-EDB2DC42E0C0}.Release|Any CPU.Build.0 = Release|Any CPU
		{ACF3434B-7383-46A4-8299-39EC411DB49B}.Debug|Any CPU.ActiveCfg = Debug|Any CPU
		{ACF3434B-7383-46A4-8299-39EC411DB49B}.Debug|Any CPU.Build.0 = Debug|Any CPU
		{ACF3434B-7383-46A4-8299-39EC411DB49B}.Release|Any CPU.ActiveCfg = Release|Any CPU
		{ACF3434B-7383-46A4-8299-39EC411DB49B}.Release|Any CPU.Build.0 = Release|Any CPU
		{8FCC9603-4BCB-4405-BD31-827C3787B4DF}.Debug|Any CPU.ActiveCfg = Debug|Any CPU
		{8FCC9603-4BCB-4405-BD31-827C3787B4DF}.Debug|Any CPU.Build.0 = Debug|Any CPU
		{8FCC9603-4BCB-4405-BD31-827C3787B4DF}.Release|Any CPU.ActiveCfg = Release|Any CPU
		{8FCC9603-4BCB-4405-BD31-827C3787B4DF}.Release|Any CPU.Build.0 = Release|Any CPU
		{77958837-3388-467A-A5AB-1837E22DED3B}.Debug|Any CPU.ActiveCfg = Debug|Any CPU
		{77958837-3388-467A-A5AB-1837E22DED3B}.Debug|Any CPU.Build.0 = Debug|Any CPU
		{77958837-3388-467A-A5AB-1837E22DED3B}.Release|Any CPU.ActiveCfg = Release|Any CPU
		{77958837-3388-467A-A5AB-1837E22DED3B}.Release|Any CPU.Build.0 = Release|Any CPU
		{95C363B3-9B4E-44D7-86CF-ADFE507F48CF}.Debug|Any CPU.ActiveCfg = Debug|Any CPU
		{95C363B3-9B4E-44D7-86CF-ADFE507F48CF}.Debug|Any CPU.Build.0 = Debug|Any CPU
		{95C363B3-9B4E-44D7-86CF-ADFE507F48CF}.Release|Any CPU.ActiveCfg = Release|Any CPU
		{95C363B3-9B4E-44D7-86CF-ADFE507F48CF}.Release|Any CPU.Build.0 = Release|Any CPU
	EndGlobalSection
	GlobalSection(SolutionProperties) = preSolution
		HideSolutionNode = FALSE
	EndGlobalSection
	GlobalSection(ExtensibilityGlobals) = postSolution
		SolutionGuid = {CEAE3614-9740-43D4-8388-524688F01955}
	EndGlobalSection
EndGlobal
